
Microsoft Visual Studio Solution File, Format Version 12.00
# Visual Studio Version 17
VisualStudioVersion = 17.5.002.0
MinimumVisualStudioVersion = 10.0.40219.1
Project("{9A19103F-16F7-4668-BE54-9A1E7A4F7556}") = "Task64", "Task64.csproj", "{3C0B08C6-93D7-4B82-838A-DD79CA06ED3A}"
EndProject
Global
	GlobalSection(SolutionConfigurationPlatforms) = preSolution
		Debug|Any CPU = Debug|Any CPU
		Release|Any CPU = Release|Any CPU
	EndGlobalSection
	GlobalSection(ProjectConfigurationPlatforms) = postSolution
		{3C0B08C6-93D7-4B82-838A-DD79CA06ED3A}.Debug|Any CPU.ActiveCfg = Debug|Any CPU
		{3C0B08C6-93D7-4B82-838A-DD79CA06ED3A}.Debug|Any CPU.Build.0 = Debug|Any CPU
		{3C0B08C6-93D7-4B82-838A-DD79CA06ED3A}.Release|Any CPU.ActiveCfg = Release|Any CPU
		{3C0B08C6-93D7-4B82-838A-DD79CA06ED3A}.Release|Any CPU.Build.0 = Release|Any CPU
	EndGlobalSection
	GlobalSection(SolutionProperties) = preSolution
		HideSolutionNode = FALSE
	EndGlobalSection
	GlobalSection(ExtensibilityGlobals) = postSolution
		SolutionGuid = {275851FB-FE94-4D90-8F79-3613A7C7DB68}
	EndGlobalSection
EndGlobal
